
Microsoft Visual Studio Solution File, Format Version 12.00
# Visual Studio 15
VisualStudioVersion = 15.0.27703.2042
MinimumVisualStudioVersion = 10.0.40219.1
Project("{8BC9CEB8-8B4A-11D0-8D11-00A0C91BC942}") = "RS232", "Project1\Project1.vcxproj", "{2B08CC96-3F10-4461-87C1-1BE0008C3C68}"
EndProject
Global
	GlobalSection(SolutionConfigurationPlatforms) = preSolution
		Debug|x64 = Debug|x64
		Debug|x86 = Debug|x86
		Release|x64 = Release|x64
		Release|x86 = Release|x86
	EndGlobalSection
	GlobalSection(ProjectConfigurationPlatforms) = postSolution
		{2B08CC96-3F10-4461-87C1-1BE0008C3C68}.Debug|x64.ActiveCfg = Debug|x64
		{2B08CC96-3F10-4461-87C1-1BE0008C3C68}.Debug|x64.Build.0 = Debug|x64
		{2B08CC96-3F10-4461-87C1-1BE0008C3C68}.Debug|x86.ActiveCfg = Debug|Win32
		{2B08CC96-3F10-4461-87C1-1BE0008C3C68}.Debug|x86.Build.0 = Debug|Win32
		{2B08CC96-3F10-4461-87C1-1BE0008C3C68}.Release|x64.ActiveCfg = Release|x64
		{2B08CC96-3F10-4461-87C1-1BE0008C3C68}.Release|x64.Build.0 = Release|x64
		{2B08CC96-3F10-4461-87C1-1BE0008C3C68}.Release|x86.ActiveCfg = Release|Win32
		{2B08CC96-3F10-4461-87C1-1BE0008C3C68}.Release|x86.Build.0 = Release|Win32
	EndGlobalSection
	GlobalSection(SolutionProperties) = preSolution
		HideSolutionNode = FALSE
	EndGlobalSection
	GlobalSection(ExtensibilityGlobals) = postSolution
		SolutionGuid = {030F1B71-BDB8-4589-977E-C8E930A1EF8A}
	EndGlobalSection
EndGlobal
